
Microsoft Visual Studio Solution File, Format Version 12.00
# Visual Studio Version 17
VisualStudioVersion = 17.5.33530.505
MinimumVisualStudioVersion = 10.0.40219.1
Project("{FAE04EC0-301F-11D3-BF4B-00C04F79EFBC}") = "Shippo_Core", "Shippo_Core\Shippo_Core.csproj", "{A810BC91-7487-4257-B620-9E6D744D6D54}"
EndProject
Project("{FAE04EC0-301F-11D3-BF4B-00C04F79EFBC}") = "ShippoExample", "ShippoExample\ShippoExample.csproj", "{6E83B9A1-E48D-4F2C-BFBB-33CF8C9901D2}"
EndProject
Project("{FAE04EC0-301F-11D3-BF4B-00C04F79EFBC}") = "ShippoTesting", "ShippoTesting\ShippoTesting.csproj", "{4034B026-CDD7-4733-92BB-E6ABB8D08758}"
EndProject
Global
	GlobalSection(SolutionConfigurationPlatforms) = preSolution
		Debug|Any CPU = Debug|Any CPU
		Release|Any CPU = Release|Any CPU
	EndGlobalSection
	GlobalSection(ProjectConfigurationPlatforms) = postSolution
		{A810BC91-7487-4257-B620-9E6D744D6D54}.Debug|Any CPU.ActiveCfg = Debug|Any CPU
		{A810BC91-7487-4257-B620-9E6D744D6D54}.Debug|Any CPU.Build.0 = Debug|Any CPU
		{A810BC91-7487-4257-B620-9E6D744D6D54}.Release|Any CPU.ActiveCfg = Release|Any CPU
		{A810BC91-7487-4257-B620-9E6D744D6D54}.Release|Any CPU.Build.0 = Release|Any CPU
		{6E83B9A1-E48D-4F2C-BFBB-33CF8C9901D2}.Debug|Any CPU.ActiveCfg = Debug|Any CPU
		{6E83B9A1-E48D-4F2C-BFBB-33CF8C9901D2}.Debug|Any CPU.Build.0 = Debug|Any CPU
		{6E83B9A1-E48D-4F2C-BFBB-33CF8C9901D2}.Release|Any CPU.ActiveCfg = Release|Any CPU
		{6E83B9A1-E48D-4F2C-BFBB-33CF8C9901D2}.Release|Any CPU.Build.0 = Release|Any CPU
		{4034B026-CDD7-4733-92BB-E6ABB8D08758}.Debug|Any CPU.ActiveCfg = Debug|Any CPU
		{4034B026-CDD7-4733-92BB-E6ABB8D08758}.Debug|Any CPU.Build.0 = Debug|Any CPU
		{4034B026-CDD7-4733-92BB-E6ABB8D08758}.Release|Any CPU.ActiveCfg = Release|Any CPU
		{4034B026-CDD7-4733-92BB-E6ABB8D08758}.Release|Any CPU.Build.0 = Release|Any CPU
	EndGlobalSection
	GlobalSection(SolutionProperties) = preSolution
		HideSolutionNode = FALSE
	EndGlobalSection
	GlobalSection(ExtensibilityGlobals) = postSolution
		SolutionGuid = {F696DBE3-1986-4C0F-A8D8-D3C7BF80729B}
	EndGlobalSection
EndGlobal
